// !$*UTF8*$!
{
	archiveVersion = 1;
	classes = {
	};
	objectVersion = 46;
	objects = {

/* Begin PBXBuildFile section */
		7C4CE7EA20560C8500A2CB65 /* LaunchScreen.storyboard in Resources */ = {isa = PBXBuildFile; fileRef = EF70091C1C3ED07100E75ECF /* LaunchScreen.storyboard */; };
		7C4DD487205F73F70011AB36 /* Inharmonicity.swift in Sources */ = {isa = PBXBuildFile; fileRef = 7C4DD486205F73F70011AB36 /* Inharmonicity.swift */; };
		7C4DD489205FF78A0011AB36 /* NoteSession.swift in Sources */ = {isa = PBXBuildFile; fileRef = 7C4DD488205FF78A0011AB36 /* NoteSession.swift */; };
		7C4DD48B205FFCA80011AB36 /* MovingAverageBins.swift in Sources */ = {isa = PBXBuildFile; fileRef = 7C4DD48A205FFCA80011AB36 /* MovingAverageBins.swift */; };
		7C4DD48D206000330011AB36 /* MovingAverage.swift in Sources */ = {isa = PBXBuildFile; fileRef = 7C4DD48C206000330011AB36 /* MovingAverage.swift */; };
		7C4DD48F206182CE0011AB36 /* TimedBoolean.swift in Sources */ = {isa = PBXBuildFile; fileRef = 7C4DD48E206182CE0011AB36 /* TimedBoolean.swift */; };
		7C51A76220587324006A9E1D /* BaseTabBarController.swift in Sources */ = {isa = PBXBuildFile; fileRef = 7C51A76120587324006A9E1D /* BaseTabBarController.swift */; };
		7C51A76420589194006A9E1D /* CircularArray.swift in Sources */ = {isa = PBXBuildFile; fileRef = 7C51A76320589194006A9E1D /* CircularArray.swift */; };
		7C56300D205BE839003111CF /* VerticalLayoutView.swift in Sources */ = {isa = PBXBuildFile; fileRef = 7C56300C205BE839003111CF /* VerticalLayoutView.swift */; };
		7C563011205C8561003111CF /* FFTUtils.swift in Sources */ = {isa = PBXBuildFile; fileRef = 7C563010205C8561003111CF /* FFTUtils.swift */; };
		7C563013205C9C38003111CF /* ScaledBandsFFT.swift in Sources */ = {isa = PBXBuildFile; fileRef = 7C563012205C9C38003111CF /* ScaledBandsFFT.swift */; };
		7C5F7220205F45FC003DBE84 /* NoteIntervalCalculator.swift in Sources */ = {isa = PBXBuildFile; fileRef = 7C5F721F205F45FC003DBE84 /* NoteIntervalCalculator.swift */; };
		7C5F7222205F70E6003DBE84 /* HistogramView.swift in Sources */ = {isa = PBXBuildFile; fileRef = 7CD8D2F0205BBF31008F95A1 /* HistogramView.swift */; };
		7C5F7223205F70E9003DBE84 /* FFTSpectrumView.swift in Sources */ = {isa = PBXBuildFile; fileRef = 7C56300E205BEE74003111CF /* FFTSpectrumView.swift */; };
		7CB9237F20585D5B0078486E /* Tests.storyboard in Resources */ = {isa = PBXBuildFile; fileRef = 7CB9237E20585D5B0078486E /* Tests.storyboard */; };
		7CBE8CAC2063347C0081D69A /* LinearRegression.swift in Sources */ = {isa = PBXBuildFile; fileRef = 7CBE8CAB2063347C0081D69A /* LinearRegression.swift */; };
		7CBE8CAE206343800081D69A /* FFTLoader.swift in Sources */ = {isa = PBXBuildFile; fileRef = 7CBE8CAD206343800081D69A /* FFTLoader.swift */; };
		7CBE8CB02063499D0081D69A /* LinearRegressionBins.swift in Sources */ = {isa = PBXBuildFile; fileRef = 7CBE8CAF2063499D0081D69A /* LinearRegressionBins.swift */; };
		7CCFE75520636C5E0017D2AD /* FrequencyMeasure.swift in Sources */ = {isa = PBXBuildFile; fileRef = 7CCFE75420636C5E0017D2AD /* FrequencyMeasure.swift */; };
		7CCFE757206457150017D2AD /* Examples.swift in Sources */ = {isa = PBXBuildFile; fileRef = 7CCFE756206457150017D2AD /* Examples.swift */; };
		7CCFE7592064642E0017D2AD /* MicInputExtractor.swift in Sources */ = {isa = PBXBuildFile; fileRef = 7CCFE7582064642E0017D2AD /* MicInputExtractor.swift */; };
		7CD8D2EB2058B7EE008F95A1 /* PitchAnalyser.swift in Sources */ = {isa = PBXBuildFile; fileRef = 7CD8D2EA2058B7EE008F95A1 /* PitchAnalyser.swift */; };
		EF7009141C3ED07100E75ECF /* AppDelegate.swift in Sources */ = {isa = PBXBuildFile; fileRef = EF7009131C3ED07100E75ECF /* AppDelegate.swift */; };
		EF7009161C3ED07100E75ECF /* SpectralViewController.swift in Sources */ = {isa = PBXBuildFile; fileRef = EF7009151C3ED07100E75ECF /* SpectralViewController.swift */; };
		EF7009191C3ED07100E75ECF /* Main.storyboard in Resources */ = {isa = PBXBuildFile; fileRef = EF7009171C3ED07100E75ECF /* Main.storyboard */; };
		EF70091B1C3ED07100E75ECF /* Assets.xcassets in Resources */ = {isa = PBXBuildFile; fileRef = EF70091A1C3ED07100E75ECF /* Assets.xcassets */; };
		EF70092A1C3EDFB900E75ECF /* TempiAudioInput.swift in Sources */ = {isa = PBXBuildFile; fileRef = EF7009291C3EDFB900E75ECF /* TempiAudioInput.swift */; };
		EFAC3F481C45C719002CD63F /* TempiFFT.swift in Sources */ = {isa = PBXBuildFile; fileRef = EFAC3F471C45C719002CD63F /* TempiFFT.swift */; };
/* End PBXBuildFile section */

/* Begin PBXFileReference section */
		7C4DD486205F73F70011AB36 /* Inharmonicity.swift */ = {isa = PBXFileReference; lastKnownFileType = sourcecode.swift; path = Inharmonicity.swift; sourceTree = "<group>"; wrapsLines = 0; };
		7C4DD488205FF78A0011AB36 /* NoteSession.swift */ = {isa = PBXFileReference; lastKnownFileType = sourcecode.swift; path = NoteSession.swift; sourceTree = "<group>"; wrapsLines = 0; };
		7C4DD48A205FFCA80011AB36 /* MovingAverageBins.swift */ = {isa = PBXFileReference; lastKnownFileType = sourcecode.swift; path = MovingAverageBins.swift; sourceTree = "<group>"; };
		7C4DD48C206000330011AB36 /* MovingAverage.swift */ = {isa = PBXFileReference; lastKnownFileType = sourcecode.swift; path = MovingAverage.swift; sourceTree = "<group>"; };
		7C4DD48E206182CE0011AB36 /* TimedBoolean.swift */ = {isa = PBXFileReference; lastKnownFileType = sourcecode.swift; path = TimedBoolean.swift; sourceTree = "<group>"; };
		7C51A76120587324006A9E1D /* BaseTabBarController.swift */ = {isa = PBXFileReference; lastKnownFileType = sourcecode.swift; path = BaseTabBarController.swift; sourceTree = "<group>"; };
		7C51A76320589194006A9E1D /* CircularArray.swift */ = {isa = PBXFileReference; lastKnownFileType = sourcecode.swift; path = CircularArray.swift; sourceTree = "<group>"; };
		7C56300C205BE839003111CF /* VerticalLayoutView.swift */ = {isa = PBXFileReference; lastKnownFileType = sourcecode.swift; path = VerticalLayoutView.swift; sourceTree = "<group>"; };
		7C56300E205BEE74003111CF /* FFTSpectrumView.swift */ = {isa = PBXFileReference; lastKnownFileType = sourcecode.swift; path = FFTSpectrumView.swift; sourceTree = "<group>"; wrapsLines = 0; };
		7C563010205C8561003111CF /* FFTUtils.swift */ = {isa = PBXFileReference; lastKnownFileType = sourcecode.swift; path = FFTUtils.swift; sourceTree = "<group>"; wrapsLines = 0; };
		7C563012205C9C38003111CF /* ScaledBandsFFT.swift */ = {isa = PBXFileReference; lastKnownFileType = sourcecode.swift; path = ScaledBandsFFT.swift; sourceTree = "<group>"; };
		7C5F721F205F45FC003DBE84 /* NoteIntervalCalculator.swift */ = {isa = PBXFileReference; lastKnownFileType = sourcecode.swift; path = NoteIntervalCalculator.swift; sourceTree = "<group>"; wrapsLines = 0; };
		7CB9237E20585D5B0078486E /* Tests.storyboard */ = {isa = PBXFileReference; lastKnownFileType = file.storyboard; path = Tests.storyboard; sourceTree = "<group>"; };
		7CBE8CAB2063347C0081D69A /* LinearRegression.swift */ = {isa = PBXFileReference; lastKnownFileType = sourcecode.swift; path = LinearRegression.swift; sourceTree = "<group>"; };
		7CBE8CAD206343800081D69A /* FFTLoader.swift */ = {isa = PBXFileReference; lastKnownFileType = sourcecode.swift; path = FFTLoader.swift; sourceTree = "<group>"; wrapsLines = 0; };
		7CBE8CAF2063499D0081D69A /* LinearRegressionBins.swift */ = {isa = PBXFileReference; lastKnownFileType = sourcecode.swift; path = LinearRegressionBins.swift; sourceTree = "<group>"; };
		7CCFE75420636C5E0017D2AD /* FrequencyMeasure.swift */ = {isa = PBXFileReference; lastKnownFileType = sourcecode.swift; path = FrequencyMeasure.swift; sourceTree = "<group>"; };
		7CCFE756206457150017D2AD /* Examples.swift */ = {isa = PBXFileReference; lastKnownFileType = sourcecode.swift; path = Examples.swift; sourceTree = "<group>"; };
		7CCFE7582064642E0017D2AD /* MicInputExtractor.swift */ = {isa = PBXFileReference; lastKnownFileType = sourcecode.swift; path = MicInputExtractor.swift; sourceTree = "<group>"; };
		7CD8D2EA2058B7EE008F95A1 /* PitchAnalyser.swift */ = {isa = PBXFileReference; lastKnownFileType = sourcecode.swift; path = PitchAnalyser.swift; sourceTree = "<group>"; wrapsLines = 0; };
		7CD8D2F0205BBF31008F95A1 /* HistogramView.swift */ = {isa = PBXFileReference; lastKnownFileType = sourcecode.swift; path = HistogramView.swift; sourceTree = "<group>"; wrapsLines = 0; };
		EF7009101C3ED07100E75ECF /* PianoTuna.app */ = {isa = PBXFileReference; explicitFileType = wrapper.application; includeInIndex = 0; path = PianoTuna.app; sourceTree = BUILT_PRODUCTS_DIR; };
		EF7009131C3ED07100E75ECF /* AppDelegate.swift */ = {isa = PBXFileReference; lastKnownFileType = sourcecode.swift; path = AppDelegate.swift; sourceTree = "<group>"; };
		EF7009151C3ED07100E75ECF /* SpectralViewController.swift */ = {isa = PBXFileReference; lastKnownFileType = sourcecode.swift; path = SpectralViewController.swift; sourceTree = "<group>"; wrapsLines = 0; };
		EF7009181C3ED07100E75ECF /* Base */ = {isa = PBXFileReference; lastKnownFileType = file.storyboard; name = Base; path = Base.lproj/Main.storyboard; sourceTree = "<group>"; };
		EF70091A1C3ED07100E75ECF /* Assets.xcassets */ = {isa = PBXFileReference; lastKnownFileType = folder.assetcatalog; path = Assets.xcassets; sourceTree = "<group>"; };
		EF70091D1C3ED07100E75ECF /* Base */ = {isa = PBXFileReference; lastKnownFileType = file.storyboard; name = Base; path = Base.lproj/LaunchScreen.storyboard; sourceTree = "<group>"; };
		EF70091F1C3ED07100E75ECF /* Info.plist */ = {isa = PBXFileReference; lastKnownFileType = text.plist.xml; path = Info.plist; sourceTree = "<group>"; };
		EF7009291C3EDFB900E75ECF /* TempiAudioInput.swift */ = {isa = PBXFileReference; fileEncoding = 4; lastKnownFileType = sourcecode.swift; path = TempiAudioInput.swift; sourceTree = "<group>"; wrapsLines = 0; };
		EFAC3F471C45C719002CD63F /* TempiFFT.swift */ = {isa = PBXFileReference; fileEncoding = 4; lastKnownFileType = sourcecode.swift; path = TempiFFT.swift; sourceTree = "<group>"; wrapsLines = 0; };
/* End PBXFileReference section */

/* Begin PBXFrameworksBuildPhase section */
		EF70090D1C3ED07100E75ECF /* Frameworks */ = {
			isa = PBXFrameworksBuildPhase;
			buildActionMask = 2147483647;
			files = (
			);
			runOnlyForDeploymentPostprocessing = 0;
		};
/* End PBXFrameworksBuildPhase section */

/* Begin PBXGroup section */
		7C5F721E205F4444003DBE84 /* tonal */ = {
			isa = PBXGroup;
			children = (
				7CD8D2EA2058B7EE008F95A1 /* PitchAnalyser.swift */,
				7C5F721F205F45FC003DBE84 /* NoteIntervalCalculator.swift */,
				7C4DD486205F73F70011AB36 /* Inharmonicity.swift */,
				7C4DD488205FF78A0011AB36 /* NoteSession.swift */,
			);
			path = tonal;
			sourceTree = "<group>";
		};
		7C5F7221205F6A84003DBE84 /* ui */ = {
			isa = PBXGroup;
			children = (
				7C51A76120587324006A9E1D /* BaseTabBarController.swift */,
				7C56300C205BE839003111CF /* VerticalLayoutView.swift */,
				7CD8D2F0205BBF31008F95A1 /* HistogramView.swift */,
				7C56300E205BEE74003111CF /* FFTSpectrumView.swift */,
			);
			path = ui;
			sourceTree = "<group>";
		};
		7CD8D2EC2058C98E008F95A1 /* fft */ = {
			isa = PBXGroup;
			children = (
				EF7009291C3EDFB900E75ECF /* TempiAudioInput.swift */,
				EFAC3F471C45C719002CD63F /* TempiFFT.swift */,
				7C563010205C8561003111CF /* FFTUtils.swift */,
				7C563012205C9C38003111CF /* ScaledBandsFFT.swift */,
				7CBE8CAD206343800081D69A /* FFTLoader.swift */,
				7CCFE756206457150017D2AD /* Examples.swift */,
				7CCFE7582064642E0017D2AD /* MicInputExtractor.swift */,
			);
			path = fft;
			sourceTree = "<group>";
		};
		7CD8D2ED2058C9CA008F95A1 /* utils */ = {
			isa = PBXGroup;
			children = (
				7C4DD48A205FFCA80011AB36 /* MovingAverageBins.swift */,
				7CBE8CAF2063499D0081D69A /* LinearRegressionBins.swift */,
				7CBE8CAB2063347C0081D69A /* LinearRegression.swift */,
				7C51A76320589194006A9E1D /* CircularArray.swift */,
				7C4DD48C206000330011AB36 /* MovingAverage.swift */,
				7C4DD48E206182CE0011AB36 /* TimedBoolean.swift */,
				7CCFE75420636C5E0017D2AD /* FrequencyMeasure.swift */,
			);
			path = utils;
			sourceTree = "<group>";
		};
		EF7009071C3ED07100E75ECF = {
			isa = PBXGroup;
			children = (
				EF7009121C3ED07100E75ECF /* PianoTuna */,
				EF7009111C3ED07100E75ECF /* Products */,
			);
			sourceTree = "<group>";
		};
		EF7009111C3ED07100E75ECF /* Products */ = {
			isa = PBXGroup;
			children = (
				EF7009101C3ED07100E75ECF /* PianoTuna.app */,
			);
			name = Products;
			sourceTree = "<group>";
		};
		EF7009121C3ED07100E75ECF /* PianoTuna */ = {
			isa = PBXGroup;
			children = (
				7C5F7221205F6A84003DBE84 /* ui */,
				7C5F721E205F4444003DBE84 /* tonal */,
				7CD8D2ED2058C9CA008F95A1 /* utils */,
				7CD8D2EC2058C98E008F95A1 /* fft */,
				EF7009131C3ED07100E75ECF /* AppDelegate.swift */,
				EF7009151C3ED07100E75ECF /* SpectralViewController.swift */,
				EF7009171C3ED07100E75ECF /* Main.storyboard */,
				EF70091A1C3ED07100E75ECF /* Assets.xcassets */,
				EF70091C1C3ED07100E75ECF /* LaunchScreen.storyboard */,
				EF70091F1C3ED07100E75ECF /* Info.plist */,
				7CB9237E20585D5B0078486E /* Tests.storyboard */,
			);
			path = PianoTuna;
			sourceTree = "<group>";
		};
/* End PBXGroup section */

/* Begin PBXNativeTarget section */
		EF70090F1C3ED07100E75ECF /* PianoTuna */ = {
			isa = PBXNativeTarget;
			buildConfigurationList = EF7009221C3ED07100E75ECF /* Build configuration list for PBXNativeTarget "PianoTuna" */;
			buildPhases = (
				EF70090C1C3ED07100E75ECF /* Sources */,
				EF70090D1C3ED07100E75ECF /* Frameworks */,
				EF70090E1C3ED07100E75ECF /* Resources */,
			);
			buildRules = (
			);
			dependencies = (
			);
			name = PianoTuna;
			productName = TempiHarness;
			productReference = EF7009101C3ED07100E75ECF /* PianoTuna.app */;
			productType = "com.apple.product-type.application";
		};
/* End PBXNativeTarget section */

/* Begin PBXProject section */
		EF7009081C3ED07100E75ECF /* Project object */ = {
			isa = PBXProject;
			attributes = {
				LastSwiftUpdateCheck = 0720;
				LastUpgradeCheck = 0920;
				ORGANIZATIONNAME = StutzLab;
				TargetAttributes = {
					EF70090F1C3ED07100E75ECF = {
						CreatedOnToolsVersion = 7.2;
						DevelopmentTeam = YBDLMWPDSS;
						LastSwiftMigration = 0920;
					};
				};
			};
			buildConfigurationList = EF70090B1C3ED07100E75ECF /* Build configuration list for PBXProject "PianoTuna" */;
			compatibilityVersion = "Xcode 3.2";
			developmentRegion = English;
			hasScannedForEncodings = 0;
			knownRegions = (
				en,
				Base,
			);
			mainGroup = EF7009071C3ED07100E75ECF;
			productRefGroup = EF7009111C3ED07100E75ECF /* Products */;
			projectDirPath = "";
			projectRoot = "";
			targets = (
				EF70090F1C3ED07100E75ECF /* PianoTuna */,
			);
		};
/* End PBXProject section */

/* Begin PBXResourcesBuildPhase section */
		EF70090E1C3ED07100E75ECF /* Resources */ = {
			isa = PBXResourcesBuildPhase;
			buildActionMask = 2147483647;
			files = (
				7C4CE7EA20560C8500A2CB65 /* LaunchScreen.storyboard in Resources */,
				EF70091B1C3ED07100E75ECF /* Assets.xcassets in Resources */,
				7CB9237F20585D5B0078486E /* Tests.storyboard in Resources */,
				EF7009191C3ED07100E75ECF /* Main.storyboard in Resources */,
			);
			runOnlyForDeploymentPostprocessing = 0;
		};
/* End PBXResourcesBuildPhase section */

/* Begin PBXSourcesBuildPhase section */
		EF70090C1C3ED07100E75ECF /* Sources */ = {
			isa = PBXSourcesBuildPhase;
			buildActionMask = 2147483647;
			files = (
				7C5F7222205F70E6003DBE84 /* HistogramView.swift in Sources */,
				7C4DD48F206182CE0011AB36 /* TimedBoolean.swift in Sources */,
				7C51A76220587324006A9E1D /* BaseTabBarController.swift in Sources */,
				7C51A76420589194006A9E1D /* CircularArray.swift in Sources */,
				7CBE8CAC2063347C0081D69A /* LinearRegression.swift in Sources */,
				7CBE8CB02063499D0081D69A /* LinearRegressionBins.swift in Sources */,
				7CCFE757206457150017D2AD /* Examples.swift in Sources */,
				7C563011205C8561003111CF /* FFTUtils.swift in Sources */,
				7CBE8CAE206343800081D69A /* FFTLoader.swift in Sources */,
				7C5F7223205F70E9003DBE84 /* FFTSpectrumView.swift in Sources */,
				7C563013205C9C38003111CF /* ScaledBandsFFT.swift in Sources */,
				7C4DD48B205FFCA80011AB36 /* MovingAverageBins.swift in Sources */,
				7C4DD48D206000330011AB36 /* MovingAverage.swift in Sources */,
				7C4DD489205FF78A0011AB36 /* NoteSession.swift in Sources */,
				7CD8D2EB2058B7EE008F95A1 /* PitchAnalyser.swift in Sources */,
				EF7009161C3ED07100E75ECF /* SpectralViewController.swift in Sources */,
				7CCFE75520636C5E0017D2AD /* FrequencyMeasure.swift in Sources */,
				EF70092A1C3EDFB900E75ECF /* TempiAudioInput.swift in Sources */,
				7CCFE7592064642E0017D2AD /* MicInputExtractor.swift in Sources */,
				7C5F7220205F45FC003DBE84 /* NoteIntervalCalculator.swift in Sources */,
				EFAC3F481C45C719002CD63F /* TempiFFT.swift in Sources */,
				7C4DD487205F73F70011AB36 /* Inharmonicity.swift in Sources */,
				7C56300D205BE839003111CF /* VerticalLayoutView.swift in Sources */,
				EF7009141C3ED07100E75ECF /* AppDelegate.swift in Sources */,
			);
			runOnlyForDeploymentPostprocessing = 0;
		};
/* End PBXSourcesBuildPhase section */

/* Begin PBXVariantGroup section */
		EF7009171C3ED07100E75ECF /* Main.storyboard */ = {
			isa = PBXVariantGroup;
			children = (
				EF7009181C3ED07100E75ECF /* Base */,
			);
			name = Main.storyboard;
			sourceTree = "<group>";
		};
		EF70091C1C3ED07100E75ECF /* LaunchScreen.storyboard */ = {
			isa = PBXVariantGroup;
			children = (
				EF70091D1C3ED07100E75ECF /* Base */,
			);
			name = LaunchScreen.storyboard;
			sourceTree = "<group>";
		};
/* End PBXVariantGroup section */

/* Begin XCBuildConfiguration section */
		EF7009201C3ED07100E75ECF /* Debug */ = {
			isa = XCBuildConfiguration;
			buildSettings = {
				ALWAYS_SEARCH_USER_PATHS = NO;
				CLANG_CXX_LANGUAGE_STANDARD = "gnu++0x";
				CLANG_CXX_LIBRARY = "libc++";
				CLANG_ENABLE_MODULES = YES;
				CLANG_ENABLE_OBJC_ARC = YES;
				CLANG_WARN_BLOCK_CAPTURE_AUTORELEASING = YES;
				CLANG_WARN_BOOL_CONVERSION = YES;
				CLANG_WARN_COMMA = YES;
				CLANG_WARN_CONSTANT_CONVERSION = YES;
				CLANG_WARN_DIRECT_OBJC_ISA_USAGE = YES_ERROR;
				CLANG_WARN_EMPTY_BODY = YES;
				CLANG_WARN_ENUM_CONVERSION = YES;
				CLANG_WARN_INFINITE_RECURSION = YES;
				CLANG_WARN_INT_CONVERSION = YES;
				CLANG_WARN_NON_LITERAL_NULL_CONVERSION = YES;
				CLANG_WARN_OBJC_LITERAL_CONVERSION = YES;
				CLANG_WARN_OBJC_ROOT_CLASS = YES_ERROR;
				CLANG_WARN_RANGE_LOOP_ANALYSIS = YES;
				CLANG_WARN_STRICT_PROTOTYPES = YES;
				CLANG_WARN_SUSPICIOUS_MOVE = YES;
				CLANG_WARN_UNREACHABLE_CODE = YES;
				CLANG_WARN__DUPLICATE_METHOD_MATCH = YES;
				"CODE_SIGN_IDENTITY[sdk=iphoneos*]" = "iPhone Developer";
				COPY_PHASE_STRIP = NO;
				DEBUG_INFORMATION_FORMAT = dwarf;
				ENABLE_STRICT_OBJC_MSGSEND = YES;
				ENABLE_TESTABILITY = YES;
				GCC_C_LANGUAGE_STANDARD = gnu99;
				GCC_DYNAMIC_NO_PIC = NO;
				GCC_NO_COMMON_BLOCKS = YES;
				GCC_OPTIMIZATION_LEVEL = 0;
				GCC_PREPROCESSOR_DEFINITIONS = (
					"DEBUG=1",
					"$(inherited)",
				);
				GCC_WARN_64_TO_32_BIT_CONVERSION = YES;
				GCC_WARN_ABOUT_RETURN_TYPE = YES_ERROR;
				GCC_WARN_UNDECLARED_SELECTOR = YES;
				GCC_WARN_UNINITIALIZED_AUTOS = YES_AGGRESSIVE;
				GCC_WARN_UNUSED_FUNCTION = YES;
				GCC_WARN_UNUSED_VARIABLE = YES;
				IPHONEOS_DEPLOYMENT_TARGET = 9.2;
				MTL_ENABLE_DEBUG_INFO = YES;
				ONLY_ACTIVE_ARCH = YES;
				SDKROOT = iphoneos;
				SWIFT_OPTIMIZATION_LEVEL = "-Onone";
				SWIFT_SWIFT3_OBJC_INFERENCE = Default;
			};
			name = Debug;
		};
		EF7009211C3ED07100E75ECF /* Release */ = {
			isa = XCBuildConfiguration;
			buildSettings = {
				ALWAYS_SEARCH_USER_PATHS = NO;
				CLANG_CXX_LANGUAGE_STANDARD = "gnu++0x";
				CLANG_CXX_LIBRARY = "libc++";
				CLANG_ENABLE_MODULES = YES;
				CLANG_ENABLE_OBJC_ARC = YES;
				CLANG_WARN_BLOCK_CAPTURE_AUTORELEASING = YES;
				CLANG_WARN_BOOL_CONVERSION = YES;
				CLANG_WARN_COMMA = YES;
				CLANG_WARN_CONSTANT_CONVERSION = YES;
				CLANG_WARN_DIRECT_OBJC_ISA_USAGE = YES_ERROR;
				CLANG_WARN_EMPTY_BODY = YES;
				CLANG_WARN_ENUM_CONVERSION = YES;
				CLANG_WARN_INFINITE_RECURSION = YES;
				CLANG_WARN_INT_CONVERSION = YES;
				CLANG_WARN_NON_LITERAL_NULL_CONVERSION = YES;
				CLANG_WARN_OBJC_LITERAL_CONVERSION = YES;
				CLANG_WARN_OBJC_ROOT_CLASS = YES_ERROR;
				CLANG_WARN_RANGE_LOOP_ANALYSIS = YES;
				CLANG_WARN_STRICT_PROTOTYPES = YES;
				CLANG_WARN_SUSPICIOUS_MOVE = YES;
				CLANG_WARN_UNREACHABLE_CODE = YES;
				CLANG_WARN__DUPLICATE_METHOD_MATCH = YES;
				"CODE_SIGN_IDENTITY[sdk=iphoneos*]" = "iPhone Developer";
				COPY_PHASE_STRIP = NO;
				DEBUG_INFORMATION_FORMAT = "dwarf-with-dsym";
				ENABLE_NS_ASSERTIONS = NO;
				ENABLE_STRICT_OBJC_MSGSEND = YES;
				GCC_C_LANGUAGE_STANDARD = gnu99;
				GCC_NO_COMMON_BLOCKS = YES;
				GCC_WARN_64_TO_32_BIT_CONVERSION = YES;
				GCC_WARN_ABOUT_RETURN_TYPE = YES_ERROR;
				GCC_WARN_UNDECLARED_SELECTOR = YES;
				GCC_WARN_UNINITIALIZED_AUTOS = YES_AGGRESSIVE;
				GCC_WARN_UNUSED_FUNCTION = YES;
				GCC_WARN_UNUSED_VARIABLE = YES;
				IPHONEOS_DEPLOYMENT_TARGET = 9.2;
				MTL_ENABLE_DEBUG_INFO = NO;
				SDKROOT = iphoneos;
				SWIFT_OPTIMIZATION_LEVEL = "-Owholemodule";
				SWIFT_SWIFT3_OBJC_INFERENCE = Default;
				VALIDATE_PRODUCT = YES;
			};
			name = Release;
		};
		EF7009231C3ED07100E75ECF /* Debug */ = {
			isa = XCBuildConfiguration;
			buildSettings = {
				ASSETCATALOG_COMPILER_APPICON_NAME = AppIcon;
				DEVELOPMENT_TEAM = YBDLMWPDSS;
				INFOPLIST_FILE = PianoTuna/Info.plist;
				LD_RUNPATH_SEARCH_PATHS = "$(inherited) @executable_path/Frameworks";
				PRODUCT_BUNDLE_IDENTIFIER = br.stutzlab.pianotuna;
				PRODUCT_NAME = "$(TARGET_NAME)";
				SWIFT_SWIFT3_OBJC_INFERENCE = On;
				SWIFT_VERSION = 4.0;
			};
			name = Debug;
		};
		EF7009241C3ED07100E75ECF /* Release */ = {
			isa = XCBuildConfiguration;
			buildSettings = {
				ASSETCATALOG_COMPILER_APPICON_NAME = AppIcon;
				DEVELOPMENT_TEAM = YBDLMWPDSS;
				INFOPLIST_FILE = PianoTuna/Info.plist;
				LD_RUNPATH_SEARCH_PATHS = "$(inherited) @executable_path/Frameworks";
				PRODUCT_BUNDLE_IDENTIFIER = br.stutzlab.pianotuna;
				PRODUCT_NAME = "$(TARGET_NAME)";
				SWIFT_SWIFT3_OBJC_INFERENCE = On;
				SWIFT_VERSION = 4.0;
			};
			name = Release;
		};
/* End XCBuildConfiguration section */

/* Begin XCConfigurationList section */
		EF70090B1C3ED07100E75ECF /* Build configuration list for PBXProject "PianoTuna" */ = {
			isa = XCConfigurationList;
			buildConfigurations = (
				EF7009201C3ED07100E75ECF /* Debug */,
				EF7009211C3ED07100E75ECF /* Release */,
			);
			defaultConfigurationIsVisible = 0;
			defaultConfigurationName = Release;
		};
		EF7009221C3ED07100E75ECF /* Build configuration list for PBXNativeTarget "PianoTuna" */ = {
			isa = XCConfigurationList;
			buildConfigurations = (
				EF7009231C3ED07100E75ECF /* Debug */,
				EF7009241C3ED07100E75ECF /* Release */,
			);
			defaultConfigurationIsVisible = 0;
			defaultConfigurationName = Release;
		};
/* End XCConfigurationList section */
	};
	rootObject = EF7009081C3ED07100E75ECF /* Project object */;
}
